
Microsoft Visual Studio Solution File, Format Version 12.00
# Visual Studio Version 17
VisualStudioVersion = 17.9.34622.214
MinimumVisualStudioVersion = 10.0.40219.1
Project("{FAE04EC0-301F-11D3-BF4B-00C04F79EFBC}") = "Szamtechszakuzl", "Szamtechszakuzl.csproj", "{F090DE02-0B45-4508-8D4D-1DB4AEBAEACA}"
EndProject
Global
	GlobalSection(SolutionConfigurationPlatforms) = preSolution
		Debug|Any CPU = Debug|Any CPU
		Release|Any CPU = Release|Any CPU
	EndGlobalSection
	GlobalSection(ProjectConfigurationPlatforms) = postSolution
		{F090DE02-0B45-4508-8D4D-1DB4AEBAEACA}.Debug|Any CPU.ActiveCfg = Debug|Any CPU
		{F090DE02-0B45-4508-8D4D-1DB4AEBAEACA}.Debug|Any CPU.Build.0 = Debug|Any CPU
		{F090DE02-0B45-4508-8D4D-1DB4AEBAEACA}.Release|Any CPU.ActiveCfg = Release|Any CPU
		{F090DE02-0B45-4508-8D4D-1DB4AEBAEACA}.Release|Any CPU.Build.0 = Release|Any CPU
	EndGlobalSection
	GlobalSection(SolutionProperties) = preSolution
		HideSolutionNode = FALSE
	EndGlobalSection
	GlobalSection(ExtensibilityGlobals) = postSolution
		SolutionGuid = {2E785D3F-E836-4130-9011-4BC7EC2C9D43}
	EndGlobalSection
EndGlobal
