
Microsoft Visual Studio Solution File, Format Version 12.00
# Visual Studio Version 17
VisualStudioVersion = 17.9.34622.214
MinimumVisualStudioVersion = 10.0.40219.1
Project("{FAE04EC0-301F-11D3-BF4B-00C04F79EFBC}") = "PickPackPont", "PickPackPont.csproj", "{6285E982-D5E1-4D3A-BA47-20AEFAA6286E}"
EndProject
Global
	GlobalSection(SolutionConfigurationPlatforms) = preSolution
		Debug|Any CPU = Debug|Any CPU
		Release|Any CPU = Release|Any CPU
	EndGlobalSection
	GlobalSection(ProjectConfigurationPlatforms) = postSolution
		{6285E982-D5E1-4D3A-BA47-20AEFAA6286E}.Debug|Any CPU.ActiveCfg = Debug|Any CPU
		{6285E982-D5E1-4D3A-BA47-20AEFAA6286E}.Debug|Any CPU.Build.0 = Debug|Any CPU
		{6285E982-D5E1-4D3A-BA47-20AEFAA6286E}.Release|Any CPU.ActiveCfg = Release|Any CPU
		{6285E982-D5E1-4D3A-BA47-20AEFAA6286E}.Release|Any CPU.Build.0 = Release|Any CPU
	EndGlobalSection
	GlobalSection(SolutionProperties) = preSolution
		HideSolutionNode = FALSE
	EndGlobalSection
	GlobalSection(ExtensibilityGlobals) = postSolution
		SolutionGuid = {1BDC51E7-AF3B-494F-BE03-4FD9A94B2BBB}
	EndGlobalSection
EndGlobal
