
Microsoft Visual Studio Solution File, Format Version 12.00
Project("{FAE04EC0-301F-11D3-BF4B-00C04F79EFBC}") = "Bag", "Bag\Bag.csproj", "{AB3DB7BC-C1DC-4CEF-8506-773104D290A9}"
EndProject
Project("{FAE04EC0-301F-11D3-BF4B-00C04F79EFBC}") = "TestBag", "TestBag\TestBag.csproj", "{F7E645EE-9872-4DD8-A588-26D61ABCB8A6}"
	ProjectSection(ProjectDependencies) = postProject
		{AB3DB7BC-C1DC-4CEF-8506-773104D290A9} = {AB3DB7BC-C1DC-4CEF-8506-773104D290A9}
	EndProjectSection
EndProject
Global
	GlobalSection(SolutionConfigurationPlatforms) = preSolution
		Debug|Any CPU = Debug|Any CPU
		Release|Any CPU = Release|Any CPU
	EndGlobalSection
	GlobalSection(ProjectConfigurationPlatforms) = postSolution
		{AB3DB7BC-C1DC-4CEF-8506-773104D290A9}.Debug|Any CPU.ActiveCfg = Debug|Any CPU
		{AB3DB7BC-C1DC-4CEF-8506-773104D290A9}.Debug|Any CPU.Build.0 = Debug|Any CPU
		{AB3DB7BC-C1DC-4CEF-8506-773104D290A9}.Release|Any CPU.ActiveCfg = Release|Any CPU
		{AB3DB7BC-C1DC-4CEF-8506-773104D290A9}.Release|Any CPU.Build.0 = Release|Any CPU
		{F7E645EE-9872-4DD8-A588-26D61ABCB8A6}.Debug|Any CPU.ActiveCfg = Debug|Any CPU
		{F7E645EE-9872-4DD8-A588-26D61ABCB8A6}.Debug|Any CPU.Build.0 = Debug|Any CPU
		{F7E645EE-9872-4DD8-A588-26D61ABCB8A6}.Release|Any CPU.ActiveCfg = Release|Any CPU
		{F7E645EE-9872-4DD8-A588-26D61ABCB8A6}.Release|Any CPU.Build.0 = Release|Any CPU
	EndGlobalSection
EndGlobal
