
Microsoft Visual Studio Solution File, Format Version 12.00
Project("{FAE04EC0-301F-11D3-BF4B-00C04F79EFBC}") = "FishingContest", "FishingContest.csproj", "{063E9EFF-AE03-4D5D-B6F3-5DB9E9AFBC7E}"
EndProject
Global
	GlobalSection(SolutionConfigurationPlatforms) = preSolution
		Debug|Any CPU = Debug|Any CPU
		Release|Any CPU = Release|Any CPU
	EndGlobalSection
	GlobalSection(ProjectConfigurationPlatforms) = postSolution
		{063E9EFF-AE03-4D5D-B6F3-5DB9E9AFBC7E}.Debug|Any CPU.ActiveCfg = Debug|Any CPU
		{063E9EFF-AE03-4D5D-B6F3-5DB9E9AFBC7E}.Debug|Any CPU.Build.0 = Debug|Any CPU
		{063E9EFF-AE03-4D5D-B6F3-5DB9E9AFBC7E}.Release|Any CPU.ActiveCfg = Release|Any CPU
		{063E9EFF-AE03-4D5D-B6F3-5DB9E9AFBC7E}.Release|Any CPU.Build.0 = Release|Any CPU
	EndGlobalSection
EndGlobal
