
Microsoft Visual Studio Solution File, Format Version 12.00
# Visual Studio Version 17
VisualStudioVersion = 17.9.34622.214
MinimumVisualStudioVersion = 10.0.40219.1
Project("{FAE04EC0-301F-11D3-BF4B-00C04F79EFBC}") = "Cacti", "Cacti\Cacti.csproj", "{A9F4128A-23A4-43B4-B986-EFF0035146C6}"
EndProject
Global
	GlobalSection(SolutionConfigurationPlatforms) = preSolution
		Debug|Any CPU = Debug|Any CPU
		Release|Any CPU = Release|Any CPU
	EndGlobalSection
	GlobalSection(ProjectConfigurationPlatforms) = postSolution
		{A9F4128A-23A4-43B4-B986-EFF0035146C6}.Debug|Any CPU.ActiveCfg = Debug|Any CPU
		{A9F4128A-23A4-43B4-B986-EFF0035146C6}.Debug|Any CPU.Build.0 = Debug|Any CPU
		{A9F4128A-23A4-43B4-B986-EFF0035146C6}.Release|Any CPU.ActiveCfg = Release|Any CPU
		{A9F4128A-23A4-43B4-B986-EFF0035146C6}.Release|Any CPU.Build.0 = Release|Any CPU
	EndGlobalSection
	GlobalSection(SolutionProperties) = preSolution
		HideSolutionNode = FALSE
	EndGlobalSection
	GlobalSection(ExtensibilityGlobals) = postSolution
		SolutionGuid = {F1B0760A-D466-45EA-8BC3-1CB685C06B93}
	EndGlobalSection
EndGlobal
